// !$*UTF8*$!
{
	archiveVersion = 1;
	classes = {
	};
	objectVersion = 55;
	objects = {

/* Begin PBXBuildFile section */
		F6272E8B292FA7C800822902 /* FructusApp.swift in Sources */ = {isa = PBXBuildFile; fileRef = F6272E8A292FA7C800822902 /* FructusApp.swift */; };
		F6272E8D292FA7C800822902 /* ContentView.swift in Sources */ = {isa = PBXBuildFile; fileRef = F6272E8C292FA7C800822902 /* ContentView.swift */; };
		F6272E8F292FA7C900822902 /* Assets.xcassets in Resources */ = {isa = PBXBuildFile; fileRef = F6272E8E292FA7C900822902 /* Assets.xcassets */; };
		F6272E92292FA7C900822902 /* Preview Assets.xcassets in Resources */ = {isa = PBXBuildFile; fileRef = F6272E91292FA7C900822902 /* Preview Assets.xcassets */; };
		F6272E9B292FAAEC00822902 /* FruitCardView.swift in Sources */ = {isa = PBXBuildFile; fileRef = F6272E9A292FAAEC00822902 /* FruitCardView.swift */; };
		F6272E9D292FADEA00822902 /* StartButtonView.swift in Sources */ = {isa = PBXBuildFile; fileRef = F6272E9C292FADEA00822902 /* StartButtonView.swift */; };
		F6272EA0292FB0B000822902 /* OnboardingView.swift in Sources */ = {isa = PBXBuildFile; fileRef = F6272E9F292FB0B000822902 /* OnboardingView.swift */; };
		F6272EA3292FB69100822902 /* Fruites.swift in Sources */ = {isa = PBXBuildFile; fileRef = F6272EA2292FB69100822902 /* Fruites.swift */; };
		F6272EA6292FB6D000822902 /* FriuitesData.swift in Sources */ = {isa = PBXBuildFile; fileRef = F6272EA5292FB6D000822902 /* FriuitesData.swift */; };
		F6272EA8292FBDDE00822902 /* FruitesCellView.swift in Sources */ = {isa = PBXBuildFile; fileRef = F6272EA7292FBDDE00822902 /* FruitesCellView.swift */; };
		F6272EAA292FC0F300822902 /* FruiteDetailsView.swift in Sources */ = {isa = PBXBuildFile; fileRef = F6272EA9292FC0F300822902 /* FruiteDetailsView.swift */; };
		F6272EAC292FC37300822902 /* FruiteHeaderView.swift in Sources */ = {isa = PBXBuildFile; fileRef = F6272EAB292FC37300822902 /* FruiteHeaderView.swift */; };
		F6272EAE29307C2D00822902 /* SourceLinkView.swift in Sources */ = {isa = PBXBuildFile; fileRef = F6272EAD29307C2D00822902 /* SourceLinkView.swift */; };
		F6272EB02930844000822902 /* FruitesNutrientView.swift in Sources */ = {isa = PBXBuildFile; fileRef = F6272EAF2930844000822902 /* FruitesNutrientView.swift */; };
/* End PBXBuildFile section */

/* Begin PBXFileReference section */
		F6272E87292FA7C800822902 /* Fructus.app */ = {isa = PBXFileReference; explicitFileType = wrapper.application; includeInIndex = 0; path = Fructus.app; sourceTree = BUILT_PRODUCTS_DIR; };
		F6272E8A292FA7C800822902 /* FructusApp.swift */ = {isa = PBXFileReference; lastKnownFileType = sourcecode.swift; path = FructusApp.swift; sourceTree = "<group>"; };
		F6272E8C292FA7C800822902 /* ContentView.swift */ = {isa = PBXFileReference; lastKnownFileType = sourcecode.swift; path = ContentView.swift; sourceTree = "<group>"; };
		F6272E8E292FA7C900822902 /* Assets.xcassets */ = {isa = PBXFileReference; lastKnownFileType = folder.assetcatalog; path = Assets.xcassets; sourceTree = "<group>"; };
		F6272E91292FA7C900822902 /* Preview Assets.xcassets */ = {isa = PBXFileReference; lastKnownFileType = folder.assetcatalog; path = "Preview Assets.xcassets"; sourceTree = "<group>"; };
		F6272E9A292FAAEC00822902 /* FruitCardView.swift */ = {isa = PBXFileReference; lastKnownFileType = sourcecode.swift; path = FruitCardView.swift; sourceTree = "<group>"; };
		F6272E9C292FADEA00822902 /* StartButtonView.swift */ = {isa = PBXFileReference; lastKnownFileType = sourcecode.swift; path = StartButtonView.swift; sourceTree = "<group>"; };
		F6272E9F292FB0B000822902 /* OnboardingView.swift */ = {isa = PBXFileReference; lastKnownFileType = sourcecode.swift; path = OnboardingView.swift; sourceTree = "<group>"; };
		F6272EA2292FB69100822902 /* Fruites.swift */ = {isa = PBXFileReference; lastKnownFileType = sourcecode.swift; path = Fruites.swift; sourceTree = "<group>"; };
		F6272EA5292FB6D000822902 /* FriuitesData.swift */ = {isa = PBXFileReference; lastKnownFileType = sourcecode.swift; path = FriuitesData.swift; sourceTree = "<group>"; };
		F6272EA7292FBDDE00822902 /* FruitesCellView.swift */ = {isa = PBXFileReference; lastKnownFileType = sourcecode.swift; path = FruitesCellView.swift; sourceTree = "<group>"; };
		F6272EA9292FC0F300822902 /* FruiteDetailsView.swift */ = {isa = PBXFileReference; lastKnownFileType = sourcecode.swift; path = FruiteDetailsView.swift; sourceTree = "<group>"; };
		F6272EAB292FC37300822902 /* FruiteHeaderView.swift */ = {isa = PBXFileReference; lastKnownFileType = sourcecode.swift; path = FruiteHeaderView.swift; sourceTree = "<group>"; };
		F6272EAD29307C2D00822902 /* SourceLinkView.swift */ = {isa = PBXFileReference; lastKnownFileType = sourcecode.swift; path = SourceLinkView.swift; sourceTree = "<group>"; };
		F6272EAF2930844000822902 /* FruitesNutrientView.swift */ = {isa = PBXFileReference; lastKnownFileType = sourcecode.swift; path = FruitesNutrientView.swift; sourceTree = "<group>"; };
/* End PBXFileReference section */

/* Begin PBXFrameworksBuildPhase section */
		F6272E84292FA7C800822902 /* Frameworks */ = {
			isa = PBXFrameworksBuildPhase;
			buildActionMask = 2147483647;
			files = (
			);
			runOnlyForDeploymentPostprocessing = 0;
		};
/* End PBXFrameworksBuildPhase section */

/* Begin PBXGroup section */
		F6272E7E292FA7C800822902 = {
			isa = PBXGroup;
			children = (
				F6272E89292FA7C800822902 /* Fructus */,
				F6272E88292FA7C800822902 /* Products */,
			);
			sourceTree = "<group>";
		};
		F6272E88292FA7C800822902 /* Products */ = {
			isa = PBXGroup;
			children = (
				F6272E87292FA7C800822902 /* Fructus.app */,
			);
			name = Products;
			sourceTree = "<group>";
		};
		F6272E89292FA7C800822902 /* Fructus */ = {
			isa = PBXGroup;
			children = (
				F6272EA4292FB6C300822902 /* Data */,
				F6272EA1292FB68400822902 /* Model */,
				F6272E9E292FB0A100822902 /* Screen */,
				F6272E99292FAAC900822902 /* View */,
				F6272E98292FAA9D00822902 /* App */,
				F6272E8E292FA7C900822902 /* Assets.xcassets */,
				F6272E90292FA7C900822902 /* Preview Content */,
			);
			path = Fructus;
			sourceTree = "<group>";
		};
		F6272E90292FA7C900822902 /* Preview Content */ = {
			isa = PBXGroup;
			children = (
				F6272E91292FA7C900822902 /* Preview Assets.xcassets */,
			);
			path = "Preview Content";
			sourceTree = "<group>";
		};
		F6272E98292FAA9D00822902 /* App */ = {
			isa = PBXGroup;
			children = (
				F6272E8A292FA7C800822902 /* FructusApp.swift */,
				F6272E8C292FA7C800822902 /* ContentView.swift */,
			);
			path = App;
			sourceTree = "<group>";
		};
		F6272E99292FAAC900822902 /* View */ = {
			isa = PBXGroup;
			children = (
				F6272E9A292FAAEC00822902 /* FruitCardView.swift */,
				F6272E9C292FADEA00822902 /* StartButtonView.swift */,
				F6272EA7292FBDDE00822902 /* FruitesCellView.swift */,
				F6272EAF2930844000822902 /* FruitesNutrientView.swift */,
				F6272EAB292FC37300822902 /* FruiteHeaderView.swift */,
				F6272EAD29307C2D00822902 /* SourceLinkView.swift */,
			);
			path = View;
			sourceTree = "<group>";
		};
		F6272E9E292FB0A100822902 /* Screen */ = {
			isa = PBXGroup;
			children = (
				F6272E9F292FB0B000822902 /* OnboardingView.swift */,
				F6272EA9292FC0F300822902 /* FruiteDetailsView.swift */,
			);
			path = Screen;
			sourceTree = "<group>";
		};
		F6272EA1292FB68400822902 /* Model */ = {
			isa = PBXGroup;
			children = (
				F6272EA2292FB69100822902 /* Fruites.swift */,
			);
			path = Model;
			sourceTree = "<group>";
		};
		F6272EA4292FB6C300822902 /* Data */ = {
			isa = PBXGroup;
			children = (
				F6272EA5292FB6D000822902 /* FriuitesData.swift */,
			);
			path = Data;
			sourceTree = "<group>";
		};
/* End PBXGroup section */

/* Begin PBXNativeTarget section */
		F6272E86292FA7C800822902 /* Fructus */ = {
			isa = PBXNativeTarget;
			buildConfigurationList = F6272E95292FA7C900822902 /* Build configuration list for PBXNativeTarget "Fructus" */;
			buildPhases = (
				F6272E83292FA7C800822902 /* Sources */,
				F6272E84292FA7C800822902 /* Frameworks */,
				F6272E85292FA7C800822902 /* Resources */,
			);
			buildRules = (
			);
			dependencies = (
			);
			name = Fructus;
			productName = Fructus;
			productReference = F6272E87292FA7C800822902 /* Fructus.app */;
			productType = "com.apple.product-type.application";
		};
/* End PBXNativeTarget section */

/* Begin PBXProject section */
		F6272E7F292FA7C800822902 /* Project object */ = {
			isa = PBXProject;
			attributes = {
				BuildIndependentTargetsInParallel = 1;
				LastSwiftUpdateCheck = 1340;
				LastUpgradeCheck = 1340;
				TargetAttributes = {
					F6272E86292FA7C800822902 = {
						CreatedOnToolsVersion = 13.4.1;
					};
				};
			};
			buildConfigurationList = F6272E82292FA7C800822902 /* Build configuration list for PBXProject "Fructus" */;
			compatibilityVersion = "Xcode 13.0";
			developmentRegion = en;
			hasScannedForEncodings = 0;
			knownRegions = (
				en,
				Base,
			);
			mainGroup = F6272E7E292FA7C800822902;
			productRefGroup = F6272E88292FA7C800822902 /* Products */;
			projectDirPath = "";
			projectRoot = "";
			targets = (
				F6272E86292FA7C800822902 /* Fructus */,
			);
		};
/* End PBXProject section */

/* Begin PBXResourcesBuildPhase section */
		F6272E85292FA7C800822902 /* Resources */ = {
			isa = PBXResourcesBuildPhase;
			buildActionMask = 2147483647;
			files = (
				F6272E92292FA7C900822902 /* Preview Assets.xcassets in Resources */,
				F6272E8F292FA7C900822902 /* Assets.xcassets in Resources */,
			);
			runOnlyForDeploymentPostprocessing = 0;
		};
/* End PBXResourcesBuildPhase section */

/* Begin PBXSourcesBuildPhase section */
		F6272E83292FA7C800822902 /* Sources */ = {
			isa = PBXSourcesBuildPhase;
			buildActionMask = 2147483647;
			files = (
				F6272EAC292FC37300822902 /* FruiteHeaderView.swift in Sources */,
				F6272EAE29307C2D00822902 /* SourceLinkView.swift in Sources */,
				F6272EB02930844000822902 /* FruitesNutrientView.swift in Sources */,
				F6272E9B292FAAEC00822902 /* FruitCardView.swift in Sources */,
				F6272E9D292FADEA00822902 /* StartButtonView.swift in Sources */,
				F6272E8D292FA7C800822902 /* ContentView.swift in Sources */,
				F6272EAA292FC0F300822902 /* FruiteDetailsView.swift in Sources */,
				F6272EA0292FB0B000822902 /* OnboardingView.swift in Sources */,
				F6272EA3292FB69100822902 /* Fruites.swift in Sources */,
				F6272EA8292FBDDE00822902 /* FruitesCellView.swift in Sources */,
				F6272EA6292FB6D000822902 /* FriuitesData.swift in Sources */,
				F6272E8B292FA7C800822902 /* FructusApp.swift in Sources */,
			);
			runOnlyForDeploymentPostprocessing = 0;
		};
/* End PBXSourcesBuildPhase section */

/* Begin XCBuildConfiguration section */
		F6272E93292FA7C900822902 /* Debug */ = {
			isa = XCBuildConfiguration;
			buildSettings = {
				ALWAYS_SEARCH_USER_PATHS = NO;
				CLANG_ANALYZER_NONNULL = YES;
				CLANG_ANALYZER_NUMBER_OBJECT_CONVERSION = YES_AGGRESSIVE;
				CLANG_CXX_LANGUAGE_STANDARD = "gnu++17";
				CLANG_ENABLE_MODULES = YES;
				CLANG_ENABLE_OBJC_ARC = YES;
				CLANG_ENABLE_OBJC_WEAK = YES;
				CLANG_WARN_BLOCK_CAPTURE_AUTORELEASING = YES;
				CLANG_WARN_BOOL_CONVERSION = YES;
				CLANG_WARN_COMMA = YES;
				CLANG_WARN_CONSTANT_CONVERSION = YES;
				CLANG_WARN_DEPRECATED_OBJC_IMPLEMENTATIONS = YES;
				CLANG_WARN_DIRECT_OBJC_ISA_USAGE = YES_ERROR;
				CLANG_WARN_DOCUMENTATION_COMMENTS = YES;
				CLANG_WARN_EMPTY_BODY = YES;
				CLANG_WARN_ENUM_CONVERSION = YES;
				CLANG_WARN_INFINITE_RECURSION = YES;
				CLANG_WARN_INT_CONVERSION = YES;
				CLANG_WARN_NON_LITERAL_NULL_CONVERSION = YES;
				CLANG_WARN_OBJC_IMPLICIT_RETAIN_SELF = YES;
				CLANG_WARN_OBJC_LITERAL_CONVERSION = YES;
				CLANG_WARN_OBJC_ROOT_CLASS = YES_ERROR;
				CLANG_WARN_QUOTED_INCLUDE_IN_FRAMEWORK_HEADER = YES;
				CLANG_WARN_RANGE_LOOP_ANALYSIS = YES;
				CLANG_WARN_STRICT_PROTOTYPES = YES;
				CLANG_WARN_SUSPICIOUS_MOVE = YES;
				CLANG_WARN_UNGUARDED_AVAILABILITY = YES_AGGRESSIVE;
				CLANG_WARN_UNREACHABLE_CODE = YES;
				CLANG_WARN__DUPLICATE_METHOD_MATCH = YES;
				COPY_PHASE_STRIP = NO;
				DEBUG_INFORMATION_FORMAT = dwarf;
				ENABLE_STRICT_OBJC_MSGSEND = YES;
				ENABLE_TESTABILITY = YES;
				GCC_C_LANGUAGE_STANDARD = gnu11;
				GCC_DYNAMIC_NO_PIC = NO;
				GCC_NO_COMMON_BLOCKS = YES;
				GCC_OPTIMIZATION_LEVEL = 0;
				GCC_PREPROCESSOR_DEFINITIONS = (
					"DEBUG=1",
					"$(inherited)",
				);
				GCC_WARN_64_TO_32_BIT_CONVERSION = YES;
				GCC_WARN_ABOUT_RETURN_TYPE = YES_ERROR;
				GCC_WARN_UNDECLARED_SELECTOR = YES;
				GCC_WARN_UNINITIALIZED_AUTOS = YES_AGGRESSIVE;
				GCC_WARN_UNUSED_FUNCTION = YES;
				GCC_WARN_UNUSED_VARIABLE = YES;
				IPHONEOS_DEPLOYMENT_TARGET = 15.5;
				MTL_ENABLE_DEBUG_INFO = INCLUDE_SOURCE;
				MTL_FAST_MATH = YES;
				ONLY_ACTIVE_ARCH = YES;
				SDKROOT = iphoneos;
				SWIFT_ACTIVE_COMPILATION_CONDITIONS = DEBUG;
				SWIFT_OPTIMIZATION_LEVEL = "-Onone";
			};
			name = Debug;
		};
		F6272E94292FA7C900822902 /* Release */ = {
			isa = XCBuildConfiguration;
			buildSettings = {
				ALWAYS_SEARCH_USER_PATHS = NO;
				CLANG_ANALYZER_NONNULL = YES;
				CLANG_ANALYZER_NUMBER_OBJECT_CONVERSION = YES_AGGRESSIVE;
				CLANG_CXX_LANGUAGE_STANDARD = "gnu++17";
				CLANG_ENABLE_MODULES = YES;
				CLANG_ENABLE_OBJC_ARC = YES;
				CLANG_ENABLE_OBJC_WEAK = YES;
				CLANG_WARN_BLOCK_CAPTURE_AUTORELEASING = YES;
				CLANG_WARN_BOOL_CONVERSION = YES;
				CLANG_WARN_COMMA = YES;
				CLANG_WARN_CONSTANT_CONVERSION = YES;
				CLANG_WARN_DEPRECATED_OBJC_IMPLEMENTATIONS = YES;
				CLANG_WARN_DIRECT_OBJC_ISA_USAGE = YES_ERROR;
				CLANG_WARN_DOCUMENTATION_COMMENTS = YES;
				CLANG_WARN_EMPTY_BODY = YES;
				CLANG_WARN_ENUM_CONVERSION = YES;
				CLANG_WARN_INFINITE_RECURSION = YES;
				CLANG_WARN_INT_CONVERSION = YES;
				CLANG_WARN_NON_LITERAL_NULL_CONVERSION = YES;
				CLANG_WARN_OBJC_IMPLICIT_RETAIN_SELF = YES;
				CLANG_WARN_OBJC_LITERAL_CONVERSION = YES;
				CLANG_WARN_OBJC_ROOT_CLASS = YES_ERROR;
				CLANG_WARN_QUOTED_INCLUDE_IN_FRAMEWORK_HEADER = YES;
				CLANG_WARN_RANGE_LOOP_ANALYSIS = YES;
				CLANG_WARN_STRICT_PROTOTYPES = YES;
				CLANG_WARN_SUSPICIOUS_MOVE = YES;
				CLANG_WARN_UNGUARDED_AVAILABILITY = YES_AGGRESSIVE;
				CLANG_WARN_UNREACHABLE_CODE = YES;
				CLANG_WARN__DUPLICATE_METHOD_MATCH = YES;
				COPY_PHASE_STRIP = NO;
				DEBUG_INFORMATION_FORMAT = "dwarf-with-dsym";
				ENABLE_NS_ASSERTIONS = NO;
				ENABLE_STRICT_OBJC_MSGSEND = YES;
				GCC_C_LANGUAGE_STANDARD = gnu11;
				GCC_NO_COMMON_BLOCKS = YES;
				GCC_WARN_64_TO_32_BIT_CONVERSION = YES;
				GCC_WARN_ABOUT_RETURN_TYPE = YES_ERROR;
				GCC_WARN_UNDECLARED_SELECTOR = YES;
				GCC_WARN_UNINITIALIZED_AUTOS = YES_AGGRESSIVE;
				GCC_WARN_UNUSED_FUNCTION = YES;
				GCC_WARN_UNUSED_VARIABLE = YES;
				IPHONEOS_DEPLOYMENT_TARGET = 15.5;
				MTL_ENABLE_DEBUG_INFO = NO;
				MTL_FAST_MATH = YES;
				SDKROOT = iphoneos;
				SWIFT_COMPILATION_MODE = wholemodule;
				SWIFT_OPTIMIZATION_LEVEL = "-O";
				VALIDATE_PRODUCT = YES;
			};
			name = Release;
		};
		F6272E96292FA7C900822902 /* Debug */ = {
			isa = XCBuildConfiguration;
			buildSettings = {
				ASSETCATALOG_COMPILER_APPICON_NAME = AppIcon;
				ASSETCATALOG_COMPILER_GLOBAL_ACCENT_COLOR_NAME = AccentColor;
				CODE_SIGN_STYLE = Automatic;
				CURRENT_PROJECT_VERSION = 1;
				DEVELOPMENT_ASSET_PATHS = "\"Fructus/Preview Content\"";
				DEVELOPMENT_TEAM = 75WN78RS4G;
				ENABLE_PREVIEWS = YES;
				GENERATE_INFOPLIST_FILE = YES;
				INFOPLIST_KEY_UIApplicationSceneManifest_Generation = YES;
				INFOPLIST_KEY_UIApplicationSupportsIndirectInputEvents = YES;
				INFOPLIST_KEY_UILaunchScreen_Generation = YES;
				INFOPLIST_KEY_UISupportedInterfaceOrientations_iPad = "UIInterfaceOrientationPortrait UIInterfaceOrientationPortraitUpsideDown UIInterfaceOrientationLandscapeLeft UIInterfaceOrientationLandscapeRight";
				INFOPLIST_KEY_UISupportedInterfaceOrientations_iPhone = "UIInterfaceOrientationPortrait UIInterfaceOrientationLandscapeLeft UIInterfaceOrientationLandscapeRight";
				LD_RUNPATH_SEARCH_PATHS = (
					"$(inherited)",
					"@executable_path/Frameworks",
				);
				MARKETING_VERSION = 1.0;
				PRODUCT_BUNDLE_IDENTIFIER = com.helpshift.Fructus;
				PRODUCT_NAME = "$(TARGET_NAME)";
				SWIFT_EMIT_LOC_STRINGS = YES;
				SWIFT_VERSION = 5.0;
				TARGETED_DEVICE_FAMILY = "1,2";
			};
			name = Debug;
		};
		F6272E97292FA7C900822902 /* Release */ = {
			isa = XCBuildConfiguration;
			buildSettings = {
				ASSETCATALOG_COMPILER_APPICON_NAME = AppIcon;
				ASSETCATALOG_COMPILER_GLOBAL_ACCENT_COLOR_NAME = AccentColor;
				CODE_SIGN_STYLE = Automatic;
				CURRENT_PROJECT_VERSION = 1;
				DEVELOPMENT_ASSET_PATHS = "\"Fructus/Preview Content\"";
				DEVELOPMENT_TEAM = 75WN78RS4G;
				ENABLE_PREVIEWS = YES;
				GENERATE_INFOPLIST_FILE = YES;
				INFOPLIST_KEY_UIApplicationSceneManifest_Generation = YES;
				INFOPLIST_KEY_UIApplicationSupportsIndirectInputEvents = YES;
				INFOPLIST_KEY_UILaunchScreen_Generation = YES;
				INFOPLIST_KEY_UISupportedInterfaceOrientations_iPad = "UIInterfaceOrientationPortrait UIInterfaceOrientationPortraitUpsideDown UIInterfaceOrientationLandscapeLeft UIInterfaceOrientationLandscapeRight";
				INFOPLIST_KEY_UISupportedInterfaceOrientations_iPhone = "UIInterfaceOrientationPortrait UIInterfaceOrientationLandscapeLeft UIInterfaceOrientationLandscapeRight";
				LD_RUNPATH_SEARCH_PATHS = (
					"$(inherited)",
					"@executable_path/Frameworks",
				);
				MARKETING_VERSION = 1.0;
				PRODUCT_BUNDLE_IDENTIFIER = com.helpshift.Fructus;
				PRODUCT_NAME = "$(TARGET_NAME)";
				SWIFT_EMIT_LOC_STRINGS = YES;
				SWIFT_VERSION = 5.0;
				TARGETED_DEVICE_FAMILY = "1,2";
			};
			name = Release;
		};
/* End XCBuildConfiguration section */

/* Begin XCConfigurationList section */
		F6272E82292FA7C800822902 /* Build configuration list for PBXProject "Fructus" */ = {
			isa = XCConfigurationList;
			buildConfigurations = (
				F6272E93292FA7C900822902 /* Debug */,
				F6272E94292FA7C900822902 /* Release */,
			);
			defaultConfigurationIsVisible = 0;
			defaultConfigurationName = Release;
		};
		F6272E95292FA7C900822902 /* Build configuration list for PBXNativeTarget "Fructus" */ = {
			isa = XCConfigurationList;
			buildConfigurations = (
				F6272E96292FA7C900822902 /* Debug */,
				F6272E97292FA7C900822902 /* Release */,
			);
			defaultConfigurationIsVisible = 0;
			defaultConfigurationName = Release;
		};
/* End XCConfigurationList section */
	};
	rootObject = F6272E7F292FA7C800822902 /* Project object */;
}
